{
  "nodes": {
    "cf": {
      "inputs": {
        "nixpkgs": [
          "nixpkgs"
        ]
      },
      "locked": {
        "lastModified": 1739211036,
        "narHash": "sha256-71S/Co02YIm8r6dc740wmO3lj5I3zGHkYVLxOXc6VPM=",
        "owner": "jzbor",
        "repo": "cornflakes",
        "rev": "720b23be91760665d3a5823d1a8dea84944cd30b",
        "type": "github"
      },
      "original": {
        "owner": "jzbor",
        "repo": "cornflakes",
        "type": "github"
      }
    },
    "crane": {
      "locked": {
        "lastModified": 1751562746,
        "narHash": "sha256-smpugNIkmDeicNz301Ll1bD7nFOty97T79m4GUMUczA=",
        "owner": "ipetkov",
        "repo": "crane",
        "rev": "aed2020fd3dc26e1e857d4107a5a67a33ab6c1fd",
        "type": "github"
      },
      "original": {
        "owner": "ipetkov",
        "repo": "crane",
        "type": "github"
      }
    },
    "lash": {
      "inputs": {
        "cf": [
          "cf"
        ],
        "crane": [
          "crane"
        ],
        "nixpkgs": [
          "nixpkgs"
        ]
      },
      "locked": {
        "lastModified": 1741051973,
        "narHash": "sha256-Zz+uNAK//lo1rD3LGbf7MlZXLiTW2b+w+QNWjMODBI8=",
        "owner": "jzbor",
        "repo": "lash",
        "rev": "f3065c1ff9895a7af6d06fdf86ce1ca5e86fe60d",
        "type": "github"
      },
      "original": {
        "owner": "jzbor",
        "repo": "lash",
        "type": "github"
      }
    },
    "marswm": {
      "inputs": {
        "cf": [
          "cf"
        ],
        "crane": [
          "crane"
        ],
        "nixpkgs": [
          "nixpkgs"
        ]
      },
      "locked": {
        "lastModified": 1746441430,
        "narHash": "sha256-DoodYD/f5gQO+6MPEsRotMRfeNHBrspt16yFb2UHACo=",
        "owner": "jzbor",
        "repo": "marswm",
        "rev": "15206b42a178687fb88aeb187d087279f4ac082f",
        "type": "github"
      },
      "original": {
        "owner": "jzbor",
        "repo": "marswm",
        "type": "github"
      }
    },
    "nixpkgs": {
      "locked": {
        "lastModified": 1751792365,
        "narHash": "sha256-J1kI6oAj25IG4EdVlg2hQz8NZTBNYvIS0l4wpr9KcUo=",
        "owner": "nixos",
        "repo": "nixpkgs",
        "rev": "1fd8bada0b6117e6c7eb54aad5813023eed37ccb",
        "type": "github"
      },
      "original": {
        "owner": "nixos",
        "ref": "nixos-unstable",
        "repo": "nixpkgs",
        "type": "github"
      }
    },
    "root": {
      "inputs": {
        "cf": "cf",
        "crane": "crane",
        "lash": "lash",
        "marswm": "marswm",
        "nixpkgs": "nixpkgs",
        "rust-overlay": "rust-overlay",
        "typst-packages": "typst-packages"
      }
    },
    "rust-overlay": {
      "inputs": {
        "nixpkgs": [
          "nixpkgs"
        ]
      },
      "locked": {
        "lastModified": 1751856221,
        "narHash": "sha256-/QE1eV0ckFvgRMcKjZqgdJDoXFNwSMepwRoBjaw2MCk=",
        "owner": "oxalica",
        "repo": "rust-overlay",
        "rev": "34cae4b56929c5b340e1c5b10d9a98a425b2a51e",
        "type": "github"
      },
      "original": {
        "owner": "oxalica",
        "repo": "rust-overlay",
        "type": "github"
      }
    },
    "typst-packages": {
      "flake": false,
      "locked": {
        "lastModified": 1751883883,
        "narHash": "sha256-zRcQIljALq1Rt+Yx5P0phq97bMfe36aCOsNqPvih4no=",
        "owner": "typst",
        "repo": "packages",
        "rev": "67bac522f62194e8f15e0efbe436b6c4e9d21244",
        "type": "github"
      },
      "original": {
        "owner": "typst",
        "repo": "packages",
        "type": "github"
      }
    }
  },
  "root": "root",
  "version": 7
}
