{
  "nodes": {
    "cf": {
      "locked": {
        "lastModified": 1756852014,
        "narHash": "sha256-OrfTRBwerFrlK1fbWhu1eW40XUrOdE/Rq7IyxthEpcA=",
        "owner": "jzbor",
        "repo": "cornflakes",
        "rev": "7ef6d8be9b66f46cee3af1d5797e01f301b93149",
        "type": "github"
      },
      "original": {
        "owner": "jzbor",
        "repo": "cornflakes",
        "type": "github"
      }
    },
    "crane": {
      "locked": {
        "lastModified": 1766774972,
        "narHash": "sha256-8qxEFpj4dVmIuPn9j9z6NTbU+hrcGjBOvaxTzre5HmM=",
        "owner": "ipetkov",
        "repo": "crane",
        "rev": "01bc1d404a51a0a07e9d8759cd50a7903e218c82",
        "type": "github"
      },
      "original": {
        "owner": "ipetkov",
        "repo": "crane",
        "type": "github"
      }
    },
    "lash": {
      "inputs": {
        "cf": [
          "cf"
        ],
        "crane": [
          "crane"
        ],
        "nixpkgs": [
          "nixpkgs"
        ]
      },
      "locked": {
        "lastModified": 1741051973,
        "narHash": "sha256-Zz+uNAK//lo1rD3LGbf7MlZXLiTW2b+w+QNWjMODBI8=",
        "owner": "jzbor",
        "repo": "lash",
        "rev": "f3065c1ff9895a7af6d06fdf86ce1ca5e86fe60d",
        "type": "github"
      },
      "original": {
        "owner": "jzbor",
        "repo": "lash",
        "type": "github"
      }
    },
    "marswm": {
      "inputs": {
        "cf": [
          "cf"
        ],
        "crane": [
          "crane"
        ],
        "nixpkgs": [
          "nixpkgs"
        ]
      },
      "locked": {
        "lastModified": 1766583397,
        "narHash": "sha256-Es+9yRt1IHfEDGuDvXsc8FkyeyGpMACEkzdhzD4EWbI=",
        "owner": "jzbor",
        "repo": "marswm",
        "rev": "f9e4611e7184b6a69e03188f15e72afc6a8d6c35",
        "type": "github"
      },
      "original": {
        "owner": "jzbor",
        "repo": "marswm",
        "type": "github"
      }
    },
    "nixpkgs": {
      "locked": {
        "lastModified": 1766902085,
        "narHash": "sha256-coBu0ONtFzlwwVBzmjacUQwj3G+lybcZ1oeNSQkgC0M=",
        "owner": "nixos",
        "repo": "nixpkgs",
        "rev": "c0b0e0fddf73fd517c3471e546c0df87a42d53f4",
        "type": "github"
      },
      "original": {
        "owner": "nixos",
        "ref": "nixos-unstable",
        "repo": "nixpkgs",
        "type": "github"
      }
    },
    "root": {
      "inputs": {
        "cf": "cf",
        "crane": "crane",
        "lash": "lash",
        "marswm": "marswm",
        "nixpkgs": "nixpkgs",
        "rust-overlay": "rust-overlay",
        "typst-packages": "typst-packages"
      }
    },
    "rust-overlay": {
      "inputs": {
        "nixpkgs": [
          "nixpkgs"
        ]
      },
      "locked": {
        "lastModified": 1766976750,
        "narHash": "sha256-w+o3AIBI56tzfMJRqRXg9tSXnpQRN5hAT15o2t9rxYw=",
        "owner": "oxalica",
        "repo": "rust-overlay",
        "rev": "9fe44e7f05b734a64a01f92fc51ad064fb0a884f",
        "type": "github"
      },
      "original": {
        "owner": "oxalica",
        "repo": "rust-overlay",
        "type": "github"
      }
    },
    "typst-packages": {
      "flake": false,
      "locked": {
        "lastModified": 1766240724,
        "narHash": "sha256-qW4eawI6jPtNM15r1vlLwPLoNaHe5qm7N1ti+5RUn/s=",
        "owner": "typst",
        "repo": "packages",
        "rev": "3267c746ff49f08dfd77bea0523286a36e0fad69",
        "type": "github"
      },
      "original": {
        "owner": "typst",
        "repo": "packages",
        "type": "github"
      }
    }
  },
  "root": "root",
  "version": 7
}
