{
  "nodes": {
    "cf": {
      "locked": {
        "lastModified": 1756852014,
        "narHash": "sha256-OrfTRBwerFrlK1fbWhu1eW40XUrOdE/Rq7IyxthEpcA=",
        "owner": "jzbor",
        "repo": "cornflakes",
        "rev": "7ef6d8be9b66f46cee3af1d5797e01f301b93149",
        "type": "github"
      },
      "original": {
        "owner": "jzbor",
        "repo": "cornflakes",
        "type": "github"
      }
    },
    "crane": {
      "locked": {
        "lastModified": 1762538466,
        "narHash": "sha256-8zrIPl6J+wLm9MH5ksHcW7BUHo7jSNOu0/hA0ohOOaM=",
        "owner": "ipetkov",
        "repo": "crane",
        "rev": "0cea393fffb39575c46b7a0318386467272182fe",
        "type": "github"
      },
      "original": {
        "owner": "ipetkov",
        "repo": "crane",
        "type": "github"
      }
    },
    "lash": {
      "inputs": {
        "cf": [
          "cf"
        ],
        "crane": [
          "crane"
        ],
        "nixpkgs": [
          "nixpkgs"
        ]
      },
      "locked": {
        "lastModified": 1741051973,
        "narHash": "sha256-Zz+uNAK//lo1rD3LGbf7MlZXLiTW2b+w+QNWjMODBI8=",
        "owner": "jzbor",
        "repo": "lash",
        "rev": "f3065c1ff9895a7af6d06fdf86ce1ca5e86fe60d",
        "type": "github"
      },
      "original": {
        "owner": "jzbor",
        "repo": "lash",
        "type": "github"
      }
    },
    "marswm": {
      "inputs": {
        "cf": [
          "cf"
        ],
        "crane": [
          "crane"
        ],
        "nixpkgs": [
          "nixpkgs"
        ]
      },
      "locked": {
        "lastModified": 1746441430,
        "narHash": "sha256-DoodYD/f5gQO+6MPEsRotMRfeNHBrspt16yFb2UHACo=",
        "owner": "jzbor",
        "repo": "marswm",
        "rev": "15206b42a178687fb88aeb187d087279f4ac082f",
        "type": "github"
      },
      "original": {
        "owner": "jzbor",
        "repo": "marswm",
        "type": "github"
      }
    },
    "nixpkgs": {
      "locked": {
        "lastModified": 1762596750,
        "narHash": "sha256-rXXuz51Bq7DHBlfIjN7jO8Bu3du5TV+3DSADBX7/9YQ=",
        "owner": "nixos",
        "repo": "nixpkgs",
        "rev": "b6a8526db03f735b89dd5ff348f53f752e7ddc8e",
        "type": "github"
      },
      "original": {
        "owner": "nixos",
        "ref": "nixos-unstable",
        "repo": "nixpkgs",
        "type": "github"
      }
    },
    "root": {
      "inputs": {
        "cf": "cf",
        "crane": "crane",
        "lash": "lash",
        "marswm": "marswm",
        "nixpkgs": "nixpkgs",
        "rust-overlay": "rust-overlay",
        "typst-packages": "typst-packages"
      }
    },
    "rust-overlay": {
      "inputs": {
        "nixpkgs": [
          "nixpkgs"
        ]
      },
      "locked": {
        "lastModified": 1762742448,
        "narHash": "sha256-XMxV0h13gg63s0sV6beihCIqdpcJhtbse6DHI743nvo=",
        "owner": "oxalica",
        "repo": "rust-overlay",
        "rev": "7f3556887e3375dc26ff1601b57c93ee286f2c5e",
        "type": "github"
      },
      "original": {
        "owner": "oxalica",
        "repo": "rust-overlay",
        "type": "github"
      }
    },
    "typst-packages": {
      "flake": false,
      "locked": {
        "lastModified": 1762786109,
        "narHash": "sha256-fDb2yq/1AEiuy3Mdbrmv+xUNluoLd82FOINvfecz3tI=",
        "owner": "typst",
        "repo": "packages",
        "rev": "c0f6dee84460b6de91e05d10a5197f7681d14a05",
        "type": "github"
      },
      "original": {
        "owner": "typst",
        "repo": "packages",
        "type": "github"
      }
    }
  },
  "root": "root",
  "version": 7
}
